// !$*UTF8*$!
{
	archiveVersion = 1;
	classes = {
	};
	objectVersion = 46;
	objects = {

/* Begin PBXBuildFile section */
		22F29CFDF126C5D35B02EB17 /* Pods_maqueta.framework in Frameworks */ = {isa = PBXBuildFile; fileRef = BB8E51AA00928AD05F9418F7 /* Pods_maqueta.framework */; };
		DD1F0EE91E3FCDA2006C2C78 /* AppDelegate.swift in Sources */ = {isa = PBXBuildFile; fileRef = DD1F0EE81E3FCDA2006C2C78 /* AppDelegate.swift */; };
		DD1F0EEB1E3FCDA2006C2C78 /* ViewController.swift in Sources */ = {isa = PBXBuildFile; fileRef = DD1F0EEA1E3FCDA2006C2C78 /* ViewController.swift */; };
		DD1F0EEE1E3FCDA2006C2C78 /* Main.storyboard in Resources */ = {isa = PBXBuildFile; fileRef = DD1F0EEC1E3FCDA2006C2C78 /* Main.storyboard */; };
		DD1F0EF01E3FCDA2006C2C78 /* Assets.xcassets in Resources */ = {isa = PBXBuildFile; fileRef = DD1F0EEF1E3FCDA2006C2C78 /* Assets.xcassets */; };
		DD1F0EF31E3FCDA2006C2C78 /* LaunchScreen.storyboard in Resources */ = {isa = PBXBuildFile; fileRef = DD1F0EF11E3FCDA2006C2C78 /* LaunchScreen.storyboard */; };
		DD1F0EFB1E3FEBA9006C2C78 /* InboxController.swift in Sources */ = {isa = PBXBuildFile; fileRef = DD1F0EFA1E3FEBA9006C2C78 /* InboxController.swift */; };
		DD1F0EFE1E3FEFDA006C2C78 /* InboxCell.swift in Sources */ = {isa = PBXBuildFile; fileRef = DD1F0EFD1E3FEFDA006C2C78 /* InboxCell.swift */; };
		DD1F0F001E3FF8B1006C2C78 /* TabBarController.swift in Sources */ = {isa = PBXBuildFile; fileRef = DD1F0EFF1E3FF8B1006C2C78 /* TabBarController.swift */; };
		DD2205AD1E43D2D800DC666D /* MyStatsPageController.swift in Sources */ = {isa = PBXBuildFile; fileRef = DD2205AC1E43D2D800DC666D /* MyStatsPageController.swift */; };
		DD2205AF1E43D4BD00DC666D /* MyStats1Controller.swift in Sources */ = {isa = PBXBuildFile; fileRef = DD2205AE1E43D4BD00DC666D /* MyStats1Controller.swift */; };
		DD2205B11E43DBB900DC666D /* MyStats2Controller.swift in Sources */ = {isa = PBXBuildFile; fileRef = DD2205B01E43DBB900DC666D /* MyStats2Controller.swift */; };
		DD22E4191E4D013A006C40C0 /* FinishWorkoutController.swift in Sources */ = {isa = PBXBuildFile; fileRef = DD22E4181E4D013A006C40C0 /* FinishWorkoutController.swift */; };
		DD688F9B1E48BFAF0044068D /* DataService.swift in Sources */ = {isa = PBXBuildFile; fileRef = DD688F9A1E48BFAF0044068D /* DataService.swift */; };
		DD688F9E1E48D2BC0044068D /* Message.swift in Sources */ = {isa = PBXBuildFile; fileRef = DD688F9D1E48D2BC0044068D /* Message.swift */; };
		DDA86A4F1E4244EE0057443A /* ProfileController.swift in Sources */ = {isa = PBXBuildFile; fileRef = DDA86A4E1E4244EE0057443A /* ProfileController.swift */; };
		DDB07F7C1E4B70C0007CF0A5 /* Stat.swift in Sources */ = {isa = PBXBuildFile; fileRef = DDB07F7B1E4B70C0007CF0A5 /* Stat.swift */; };
		DDCE44711E4A56160056A93F /* MessageDetailController.swift in Sources */ = {isa = PBXBuildFile; fileRef = DDCE44701E4A56160056A93F /* MessageDetailController.swift */; };
		DDFCA26D1E550FE5003F9E2F /* Profile2Controller.swift in Sources */ = {isa = PBXBuildFile; fileRef = DDFCA26C1E550FE5003F9E2F /* Profile2Controller.swift */; };
		DDFE30C71E438A53003D99E5 /* PTVirtualController.swift in Sources */ = {isa = PBXBuildFile; fileRef = DDFE30C61E438A53003D99E5 /* PTVirtualController.swift */; };
		DDFE30C91E438AFC003D99E5 /* PTVirtualCell.swift in Sources */ = {isa = PBXBuildFile; fileRef = DDFE30C81E438AFC003D99E5 /* PTVirtualCell.swift */; };
/* End PBXBuildFile section */

/* Begin PBXFileReference section */
		BB8E51AA00928AD05F9418F7 /* Pods_maqueta.framework */ = {isa = PBXFileReference; explicitFileType = wrapper.framework; includeInIndex = 0; path = Pods_maqueta.framework; sourceTree = BUILT_PRODUCTS_DIR; };
		C66A810828172B59C767285F /* Pods-maqueta.release.xcconfig */ = {isa = PBXFileReference; includeInIndex = 1; lastKnownFileType = text.xcconfig; name = "Pods-maqueta.release.xcconfig"; path = "Pods/Target Support Files/Pods-maqueta/Pods-maqueta.release.xcconfig"; sourceTree = "<group>"; };
		CBA3D25DC5CB9453816601A8 /* Pods-maqueta.debug.xcconfig */ = {isa = PBXFileReference; includeInIndex = 1; lastKnownFileType = text.xcconfig; name = "Pods-maqueta.debug.xcconfig"; path = "Pods/Target Support Files/Pods-maqueta/Pods-maqueta.debug.xcconfig"; sourceTree = "<group>"; };
		DD1F0EE51E3FCDA2006C2C78 /* maqueta.app */ = {isa = PBXFileReference; explicitFileType = wrapper.application; includeInIndex = 0; path = maqueta.app; sourceTree = BUILT_PRODUCTS_DIR; };
		DD1F0EE81E3FCDA2006C2C78 /* AppDelegate.swift */ = {isa = PBXFileReference; lastKnownFileType = sourcecode.swift; path = AppDelegate.swift; sourceTree = "<group>"; };
		DD1F0EEA1E3FCDA2006C2C78 /* ViewController.swift */ = {isa = PBXFileReference; lastKnownFileType = sourcecode.swift; path = ViewController.swift; sourceTree = "<group>"; };
		DD1F0EED1E3FCDA2006C2C78 /* Base */ = {isa = PBXFileReference; lastKnownFileType = file.storyboard; name = Base; path = Base.lproj/Main.storyboard; sourceTree = "<group>"; };
		DD1F0EEF1E3FCDA2006C2C78 /* Assets.xcassets */ = {isa = PBXFileReference; lastKnownFileType = folder.assetcatalog; path = Assets.xcassets; sourceTree = "<group>"; };
		DD1F0EF21E3FCDA2006C2C78 /* Base */ = {isa = PBXFileReference; lastKnownFileType = file.storyboard; name = Base; path = Base.lproj/LaunchScreen.storyboard; sourceTree = "<group>"; };
		DD1F0EF41E3FCDA2006C2C78 /* Info.plist */ = {isa = PBXFileReference; lastKnownFileType = text.plist.xml; path = Info.plist; sourceTree = "<group>"; };
		DD1F0EFA1E3FEBA9006C2C78 /* InboxController.swift */ = {isa = PBXFileReference; fileEncoding = 4; lastKnownFileType = sourcecode.swift; path = InboxController.swift; sourceTree = "<group>"; };
		DD1F0EFD1E3FEFDA006C2C78 /* InboxCell.swift */ = {isa = PBXFileReference; fileEncoding = 4; lastKnownFileType = sourcecode.swift; path = InboxCell.swift; sourceTree = "<group>"; };
		DD1F0EFF1E3FF8B1006C2C78 /* TabBarController.swift */ = {isa = PBXFileReference; fileEncoding = 4; lastKnownFileType = sourcecode.swift; path = TabBarController.swift; sourceTree = "<group>"; };
		DD2205AC1E43D2D800DC666D /* MyStatsPageController.swift */ = {isa = PBXFileReference; fileEncoding = 4; lastKnownFileType = sourcecode.swift; path = MyStatsPageController.swift; sourceTree = "<group>"; };
		DD2205AE1E43D4BD00DC666D /* MyStats1Controller.swift */ = {isa = PBXFileReference; fileEncoding = 4; lastKnownFileType = sourcecode.swift; path = MyStats1Controller.swift; sourceTree = "<group>"; };
		DD2205B01E43DBB900DC666D /* MyStats2Controller.swift */ = {isa = PBXFileReference; fileEncoding = 4; lastKnownFileType = sourcecode.swift; path = MyStats2Controller.swift; sourceTree = "<group>"; };
		DD22E4181E4D013A006C40C0 /* FinishWorkoutController.swift */ = {isa = PBXFileReference; fileEncoding = 4; lastKnownFileType = sourcecode.swift; path = FinishWorkoutController.swift; sourceTree = "<group>"; };
		DD688F9A1E48BFAF0044068D /* DataService.swift */ = {isa = PBXFileReference; fileEncoding = 4; lastKnownFileType = sourcecode.swift; path = DataService.swift; sourceTree = "<group>"; };
		DD688F9D1E48D2BC0044068D /* Message.swift */ = {isa = PBXFileReference; fileEncoding = 4; lastKnownFileType = sourcecode.swift; path = Message.swift; sourceTree = "<group>"; };
		DDA86A4E1E4244EE0057443A /* ProfileController.swift */ = {isa = PBXFileReference; fileEncoding = 4; lastKnownFileType = sourcecode.swift; path = ProfileController.swift; sourceTree = "<group>"; };
		DDB07F7B1E4B70C0007CF0A5 /* Stat.swift */ = {isa = PBXFileReference; fileEncoding = 4; lastKnownFileType = sourcecode.swift; path = Stat.swift; sourceTree = "<group>"; };
		DDCE44701E4A56160056A93F /* MessageDetailController.swift */ = {isa = PBXFileReference; fileEncoding = 4; lastKnownFileType = sourcecode.swift; path = MessageDetailController.swift; sourceTree = "<group>"; };
		DDFCA26C1E550FE5003F9E2F /* Profile2Controller.swift */ = {isa = PBXFileReference; fileEncoding = 4; lastKnownFileType = sourcecode.swift; path = Profile2Controller.swift; sourceTree = "<group>"; };
		DDFE30C61E438A53003D99E5 /* PTVirtualController.swift */ = {isa = PBXFileReference; fileEncoding = 4; lastKnownFileType = sourcecode.swift; path = PTVirtualController.swift; sourceTree = "<group>"; };
		DDFE30C81E438AFC003D99E5 /* PTVirtualCell.swift */ = {isa = PBXFileReference; fileEncoding = 4; lastKnownFileType = sourcecode.swift; path = PTVirtualCell.swift; sourceTree = "<group>"; };
/* End PBXFileReference section */

/* Begin PBXFrameworksBuildPhase section */
		DD1F0EE21E3FCDA1006C2C78 /* Frameworks */ = {
			isa = PBXFrameworksBuildPhase;
			buildActionMask = 2147483647;
			files = (
				22F29CFDF126C5D35B02EB17 /* Pods_maqueta.framework in Frameworks */,
			);
			runOnlyForDeploymentPostprocessing = 0;
		};
/* End PBXFrameworksBuildPhase section */

/* Begin PBXGroup section */
		56329AB49E1FD5F858269215 /* Frameworks */ = {
			isa = PBXGroup;
			children = (
				BB8E51AA00928AD05F9418F7 /* Pods_maqueta.framework */,
			);
			name = Frameworks;
			sourceTree = "<group>";
		};
		8C356890A1FED160468A029A /* Pods */ = {
			isa = PBXGroup;
			children = (
				CBA3D25DC5CB9453816601A8 /* Pods-maqueta.debug.xcconfig */,
				C66A810828172B59C767285F /* Pods-maqueta.release.xcconfig */,
			);
			name = Pods;
			sourceTree = "<group>";
		};
		DD1F0EDC1E3FCDA1006C2C78 = {
			isa = PBXGroup;
			children = (
				DD1F0EE71E3FCDA2006C2C78 /* maqueta */,
				DD1F0EE61E3FCDA2006C2C78 /* Products */,
				8C356890A1FED160468A029A /* Pods */,
				56329AB49E1FD5F858269215 /* Frameworks */,
			);
			sourceTree = "<group>";
		};
		DD1F0EE61E3FCDA2006C2C78 /* Products */ = {
			isa = PBXGroup;
			children = (
				DD1F0EE51E3FCDA2006C2C78 /* maqueta.app */,
			);
			name = Products;
			sourceTree = "<group>";
		};
		DD1F0EE71E3FCDA2006C2C78 /* maqueta */ = {
			isa = PBXGroup;
			children = (
				DD688F9C1E48D2B10044068D /* Domain */,
				DD688F991E48BFA10044068D /* Services */,
				DD1F0EFC1E3FEFC7006C2C78 /* Components */,
				DD1F0EE81E3FCDA2006C2C78 /* AppDelegate.swift */,
				DD1F0EEA1E3FCDA2006C2C78 /* ViewController.swift */,
				DD1F0EEC1E3FCDA2006C2C78 /* Main.storyboard */,
				DD1F0EEF1E3FCDA2006C2C78 /* Assets.xcassets */,
				DD1F0EF11E3FCDA2006C2C78 /* LaunchScreen.storyboard */,
				DD1F0EF41E3FCDA2006C2C78 /* Info.plist */,
				DD1F0EFA1E3FEBA9006C2C78 /* InboxController.swift */,
				DD1F0EFF1E3FF8B1006C2C78 /* TabBarController.swift */,
				DDA86A4E1E4244EE0057443A /* ProfileController.swift */,
				DDFCA26C1E550FE5003F9E2F /* Profile2Controller.swift */,
				DDFE30C61E438A53003D99E5 /* PTVirtualController.swift */,
				DD2205AC1E43D2D800DC666D /* MyStatsPageController.swift */,
				DD2205AE1E43D4BD00DC666D /* MyStats1Controller.swift */,
				DD2205B01E43DBB900DC666D /* MyStats2Controller.swift */,
				DDCE44701E4A56160056A93F /* MessageDetailController.swift */,
				DD22E4181E4D013A006C40C0 /* FinishWorkoutController.swift */,
			);
			path = maqueta;
			sourceTree = "<group>";
		};
		DD1F0EFC1E3FEFC7006C2C78 /* Components */ = {
			isa = PBXGroup;
			children = (
				DD1F0EFD1E3FEFDA006C2C78 /* InboxCell.swift */,
				DDFE30C81E438AFC003D99E5 /* PTVirtualCell.swift */,
			);
			name = Components;
			sourceTree = "<group>";
		};
		DD688F991E48BFA10044068D /* Services */ = {
			isa = PBXGroup;
			children = (
				DD688F9A1E48BFAF0044068D /* DataService.swift */,
			);
			name = Services;
			sourceTree = "<group>";
		};
		DD688F9C1E48D2B10044068D /* Domain */ = {
			isa = PBXGroup;
			children = (
				DD688F9D1E48D2BC0044068D /* Message.swift */,
				DDB07F7B1E4B70C0007CF0A5 /* Stat.swift */,
			);
			name = Domain;
			sourceTree = "<group>";
		};
/* End PBXGroup section */

/* Begin PBXNativeTarget section */
		DD1F0EE41E3FCDA1006C2C78 /* maqueta */ = {
			isa = PBXNativeTarget;
			buildConfigurationList = DD1F0EF71E3FCDA2006C2C78 /* Build configuration list for PBXNativeTarget "maqueta" */;
			buildPhases = (
				F28230C04B5EDBBB1534628A /* [CP] Check Pods Manifest.lock */,
				DD1F0EE11E3FCDA1006C2C78 /* Sources */,
				DD1F0EE21E3FCDA1006C2C78 /* Frameworks */,
				DD1F0EE31E3FCDA1006C2C78 /* Resources */,
				1B472FBFE88404B9A63A3A3A /* [CP] Embed Pods Frameworks */,
				6047254236941BE6DC11FDC9 /* [CP] Copy Pods Resources */,
			);
			buildRules = (
			);
			dependencies = (
			);
			name = maqueta;
			productName = maqueta;
			productReference = DD1F0EE51E3FCDA2006C2C78 /* maqueta.app */;
			productType = "com.apple.product-type.application";
		};
/* End PBXNativeTarget section */

/* Begin PBXProject section */
		DD1F0EDD1E3FCDA1006C2C78 /* Project object */ = {
			isa = PBXProject;
			attributes = {
				LastSwiftUpdateCheck = 0810;
				LastUpgradeCheck = 0810;
				ORGANIZATIONNAME = Nativapps;
				TargetAttributes = {
					DD1F0EE41E3FCDA1006C2C78 = {
						CreatedOnToolsVersion = 8.1;
						DevelopmentTeam = 3UG8ZM28V8;
						ProvisioningStyle = Automatic;
					};
				};
			};
			buildConfigurationList = DD1F0EE01E3FCDA1006C2C78 /* Build configuration list for PBXProject "maqueta" */;
			compatibilityVersion = "Xcode 3.2";
			developmentRegion = English;
			hasScannedForEncodings = 0;
			knownRegions = (
				en,
				Base,
			);
			mainGroup = DD1F0EDC1E3FCDA1006C2C78;
			productRefGroup = DD1F0EE61E3FCDA2006C2C78 /* Products */;
			projectDirPath = "";
			projectRoot = "";
			targets = (
				DD1F0EE41E3FCDA1006C2C78 /* maqueta */,
			);
		};
/* End PBXProject section */

/* Begin PBXResourcesBuildPhase section */
		DD1F0EE31E3FCDA1006C2C78 /* Resources */ = {
			isa = PBXResourcesBuildPhase;
			buildActionMask = 2147483647;
			files = (
				DD1F0EF31E3FCDA2006C2C78 /* LaunchScreen.storyboard in Resources */,
				DD1F0EF01E3FCDA2006C2C78 /* Assets.xcassets in Resources */,
				DD1F0EEE1E3FCDA2006C2C78 /* Main.storyboard in Resources */,
			);
			runOnlyForDeploymentPostprocessing = 0;
		};
/* End PBXResourcesBuildPhase section */

/* Begin PBXShellScriptBuildPhase section */
		1B472FBFE88404B9A63A3A3A /* [CP] Embed Pods Frameworks */ = {
			isa = PBXShellScriptBuildPhase;
			buildActionMask = 2147483647;
			files = (
			);
			inputPaths = (
			);
			name = "[CP] Embed Pods Frameworks";
			outputPaths = (
			);
			runOnlyForDeploymentPostprocessing = 0;
			shellPath = /bin/sh;
			shellScript = "\"${SRCROOT}/Pods/Target Support Files/Pods-maqueta/Pods-maqueta-frameworks.sh\"\n";
			showEnvVarsInLog = 0;
		};
		6047254236941BE6DC11FDC9 /* [CP] Copy Pods Resources */ = {
			isa = PBXShellScriptBuildPhase;
			buildActionMask = 2147483647;
			files = (
			);
			inputPaths = (
			);
			name = "[CP] Copy Pods Resources";
			outputPaths = (
			);
			runOnlyForDeploymentPostprocessing = 0;
			shellPath = /bin/sh;
			shellScript = "\"${SRCROOT}/Pods/Target Support Files/Pods-maqueta/Pods-maqueta-resources.sh\"\n";
			showEnvVarsInLog = 0;
		};
		F28230C04B5EDBBB1534628A /* [CP] Check Pods Manifest.lock */ = {
			isa = PBXShellScriptBuildPhase;
			buildActionMask = 2147483647;
			files = (
			);
			inputPaths = (
			);
			name = "[CP] Check Pods Manifest.lock";
			outputPaths = (
			);
			runOnlyForDeploymentPostprocessing = 0;
			shellPath = /bin/sh;
			shellScript = "diff \"${PODS_ROOT}/../Podfile.lock\" \"${PODS_ROOT}/Manifest.lock\" > /dev/null\nif [ $? != 0 ] ; then\n    # print error to STDERR\n    echo \"error: The sandbox is not in sync with the Podfile.lock. Run 'pod install' or update your CocoaPods installation.\" >&2\n    exit 1\nfi\n";
			showEnvVarsInLog = 0;
		};
/* End PBXShellScriptBuildPhase section */

/* Begin PBXSourcesBuildPhase section */
		DD1F0EE11E3FCDA1006C2C78 /* Sources */ = {
			isa = PBXSourcesBuildPhase;
			buildActionMask = 2147483647;
			files = (
				DD2205AD1E43D2D800DC666D /* MyStatsPageController.swift in Sources */,
				DD1F0EEB1E3FCDA2006C2C78 /* ViewController.swift in Sources */,
				DD2205B11E43DBB900DC666D /* MyStats2Controller.swift in Sources */,
				DDB07F7C1E4B70C0007CF0A5 /* Stat.swift in Sources */,
				DD688F9B1E48BFAF0044068D /* DataService.swift in Sources */,
				DDCE44711E4A56160056A93F /* MessageDetailController.swift in Sources */,
				DDFE30C91E438AFC003D99E5 /* PTVirtualCell.swift in Sources */,
				DDFE30C71E438A53003D99E5 /* PTVirtualController.swift in Sources */,
				DD22E4191E4D013A006C40C0 /* FinishWorkoutController.swift in Sources */,
				DD1F0EFB1E3FEBA9006C2C78 /* InboxController.swift in Sources */,
				DD2205AF1E43D4BD00DC666D /* MyStats1Controller.swift in Sources */,
				DD1F0EFE1E3FEFDA006C2C78 /* InboxCell.swift in Sources */,
				DDFCA26D1E550FE5003F9E2F /* Profile2Controller.swift in Sources */,
				DD688F9E1E48D2BC0044068D /* Message.swift in Sources */,
				DD1F0F001E3FF8B1006C2C78 /* TabBarController.swift in Sources */,
				DD1F0EE91E3FCDA2006C2C78 /* AppDelegate.swift in Sources */,
				DDA86A4F1E4244EE0057443A /* ProfileController.swift in Sources */,
			);
			runOnlyForDeploymentPostprocessing = 0;
		};
/* End PBXSourcesBuildPhase section */

/* Begin PBXVariantGroup section */
		DD1F0EEC1E3FCDA2006C2C78 /* Main.storyboard */ = {
			isa = PBXVariantGroup;
			children = (
				DD1F0EED1E3FCDA2006C2C78 /* Base */,
			);
			name = Main.storyboard;
			sourceTree = "<group>";
		};
		DD1F0EF11E3FCDA2006C2C78 /* LaunchScreen.storyboard */ = {
			isa = PBXVariantGroup;
			children = (
				DD1F0EF21E3FCDA2006C2C78 /* Base */,
			);
			name = LaunchScreen.storyboard;
			sourceTree = "<group>";
		};
/* End PBXVariantGroup section */

/* Begin XCBuildConfiguration section */
		DD1F0EF51E3FCDA2006C2C78 /* Debug */ = {
			isa = XCBuildConfiguration;
			buildSettings = {
				ALWAYS_SEARCH_USER_PATHS = NO;
				CLANG_ANALYZER_NONNULL = YES;
				CLANG_CXX_LANGUAGE_STANDARD = "gnu++0x";
				CLANG_CXX_LIBRARY = "libc++";
				CLANG_ENABLE_MODULES = YES;
				CLANG_ENABLE_OBJC_ARC = YES;
				CLANG_WARN_BOOL_CONVERSION = YES;
				CLANG_WARN_CONSTANT_CONVERSION = YES;
				CLANG_WARN_DIRECT_OBJC_ISA_USAGE = YES_ERROR;
				CLANG_WARN_DOCUMENTATION_COMMENTS = YES;
				CLANG_WARN_EMPTY_BODY = YES;
				CLANG_WARN_ENUM_CONVERSION = YES;
				CLANG_WARN_INFINITE_RECURSION = YES;
				CLANG_WARN_INT_CONVERSION = YES;
				CLANG_WARN_OBJC_ROOT_CLASS = YES_ERROR;
				CLANG_WARN_SUSPICIOUS_MOVES = YES;
				CLANG_WARN_UNREACHABLE_CODE = YES;
				CLANG_WARN__DUPLICATE_METHOD_MATCH = YES;
				"CODE_SIGN_IDENTITY[sdk=iphoneos*]" = "iPhone Developer";
				COPY_PHASE_STRIP = NO;
				DEBUG_INFORMATION_FORMAT = dwarf;
				ENABLE_STRICT_OBJC_MSGSEND = YES;
				ENABLE_TESTABILITY = YES;
				GCC_C_LANGUAGE_STANDARD = gnu99;
				GCC_DYNAMIC_NO_PIC = NO;
				GCC_NO_COMMON_BLOCKS = YES;
				GCC_OPTIMIZATION_LEVEL = 0;
				GCC_PREPROCESSOR_DEFINITIONS = (
					"DEBUG=1",
					"$(inherited)",
				);
				GCC_WARN_64_TO_32_BIT_CONVERSION = YES;
				GCC_WARN_ABOUT_RETURN_TYPE = YES_ERROR;
				GCC_WARN_UNDECLARED_SELECTOR = YES;
				GCC_WARN_UNINITIALIZED_AUTOS = YES_AGGRESSIVE;
				GCC_WARN_UNUSED_FUNCTION = YES;
				GCC_WARN_UNUSED_VARIABLE = YES;
				IPHONEOS_DEPLOYMENT_TARGET = 10.1;
				MTL_ENABLE_DEBUG_INFO = YES;
				ONLY_ACTIVE_ARCH = YES;
				SDKROOT = iphoneos;
				SWIFT_ACTIVE_COMPILATION_CONDITIONS = DEBUG;
				SWIFT_OPTIMIZATION_LEVEL = "-Onone";
			};
			name = Debug;
		};
		DD1F0EF61E3FCDA2006C2C78 /* Release */ = {
			isa = XCBuildConfiguration;
			buildSettings = {
				ALWAYS_SEARCH_USER_PATHS = NO;
				CLANG_ANALYZER_NONNULL = YES;
				CLANG_CXX_LANGUAGE_STANDARD = "gnu++0x";
				CLANG_CXX_LIBRARY = "libc++";
				CLANG_ENABLE_MODULES = YES;
				CLANG_ENABLE_OBJC_ARC = YES;
				CLANG_WARN_BOOL_CONVERSION = YES;
				CLANG_WARN_CONSTANT_CONVERSION = YES;
				CLANG_WARN_DIRECT_OBJC_ISA_USAGE = YES_ERROR;
				CLANG_WARN_DOCUMENTATION_COMMENTS = YES;
				CLANG_WARN_EMPTY_BODY = YES;
				CLANG_WARN_ENUM_CONVERSION = YES;
				CLANG_WARN_INFINITE_RECURSION = YES;
				CLANG_WARN_INT_CONVERSION = YES;
				CLANG_WARN_OBJC_ROOT_CLASS = YES_ERROR;
				CLANG_WARN_SUSPICIOUS_MOVES = YES;
				CLANG_WARN_UNREACHABLE_CODE = YES;
				CLANG_WARN__DUPLICATE_METHOD_MATCH = YES;
				"CODE_SIGN_IDENTITY[sdk=iphoneos*]" = "iPhone Developer";
				COPY_PHASE_STRIP = NO;
				DEBUG_INFORMATION_FORMAT = "dwarf-with-dsym";
				ENABLE_NS_ASSERTIONS = NO;
				ENABLE_STRICT_OBJC_MSGSEND = YES;
				GCC_C_LANGUAGE_STANDARD = gnu99;
				GCC_NO_COMMON_BLOCKS = YES;
				GCC_WARN_64_TO_32_BIT_CONVERSION = YES;
				GCC_WARN_ABOUT_RETURN_TYPE = YES_ERROR;
				GCC_WARN_UNDECLARED_SELECTOR = YES;
				GCC_WARN_UNINITIALIZED_AUTOS = YES_AGGRESSIVE;
				GCC_WARN_UNUSED_FUNCTION = YES;
				GCC_WARN_UNUSED_VARIABLE = YES;
				IPHONEOS_DEPLOYMENT_TARGET = 10.1;
				MTL_ENABLE_DEBUG_INFO = NO;
				SDKROOT = iphoneos;
				SWIFT_OPTIMIZATION_LEVEL = "-Owholemodule";
				VALIDATE_PRODUCT = YES;
			};
			name = Release;
		};
		DD1F0EF81E3FCDA2006C2C78 /* Debug */ = {
			isa = XCBuildConfiguration;
			baseConfigurationReference = CBA3D25DC5CB9453816601A8 /* Pods-maqueta.debug.xcconfig */;
			buildSettings = {
				ASSETCATALOG_COMPILER_APPICON_NAME = AppIcon;
				DEVELOPMENT_TEAM = 3UG8ZM28V8;
				INFOPLIST_FILE = maqueta/Info.plist;
				LD_RUNPATH_SEARCH_PATHS = "$(inherited) @executable_path/Frameworks";
				PRODUCT_BUNDLE_IDENTIFIER = com.nativapps.maqueta;
				PRODUCT_NAME = "$(TARGET_NAME)";
				SWIFT_VERSION = 3.0;
			};
			name = Debug;
		};
		DD1F0EF91E3FCDA2006C2C78 /* Release */ = {
			isa = XCBuildConfiguration;
			baseConfigurationReference = C66A810828172B59C767285F /* Pods-maqueta.release.xcconfig */;
			buildSettings = {
				ASSETCATALOG_COMPILER_APPICON_NAME = AppIcon;
				DEVELOPMENT_TEAM = 3UG8ZM28V8;
				INFOPLIST_FILE = maqueta/Info.plist;
				LD_RUNPATH_SEARCH_PATHS = "$(inherited) @executable_path/Frameworks";
				PRODUCT_BUNDLE_IDENTIFIER = com.nativapps.maqueta;
				PRODUCT_NAME = "$(TARGET_NAME)";
				SWIFT_VERSION = 3.0;
			};
			name = Release;
		};
/* End XCBuildConfiguration section */

/* Begin XCConfigurationList section */
		DD1F0EE01E3FCDA1006C2C78 /* Build configuration list for PBXProject "maqueta" */ = {
			isa = XCConfigurationList;
			buildConfigurations = (
				DD1F0EF51E3FCDA2006C2C78 /* Debug */,
				DD1F0EF61E3FCDA2006C2C78 /* Release */,
			);
			defaultConfigurationIsVisible = 0;
			defaultConfigurationName = Release;
		};
		DD1F0EF71E3FCDA2006C2C78 /* Build configuration list for PBXNativeTarget "maqueta" */ = {
			isa = XCConfigurationList;
			buildConfigurations = (
				DD1F0EF81E3FCDA2006C2C78 /* Debug */,
				DD1F0EF91E3FCDA2006C2C78 /* Release */,
			);
			defaultConfigurationIsVisible = 0;
			defaultConfigurationName = Release;
		};
/* End XCConfigurationList section */
	};
	rootObject = DD1F0EDD1E3FCDA1006C2C78 /* Project object */;
}
